github.com/google/uuid v1.3.0 h1:t6JiXgmwXMjEs8VusXIJk2BXHsn+wx8BZdTaoZ5fu7I=
github.com/google/uuid v1.3.0/go.mod h1:TIyPZe4MgqvfeYDBFedMoGGpEw/LqOeaOT+nhxU+yHo=
github.com/kirill-scherba/stable v0.0.8 h1:m0GM5FCx1SJkai1o6kfQI0lKUWeupQGTicqb8EIPorg=
github.com/kirill-scherba/stable v0.0.8/go.mod h1:Le2T16xIQmb9c9xzDVSqf7bWvpzo1pbDQLeD0s7qxZU=
golang.org/x/sys v0.0.0-20220702020025-31831981b65f h1:xdsejrW/0Wf2diT5CPp3XmKUNbr7Xvw8kYilQ+6qjRY=
golang.org/x/sys v0.0.0-20220702020025-31831981b65f/go.mod h1:oPkhp1MJrh7nUepCBck5+mAzfO9JrbApNNgaTdGDITg=
