github.com/kirill-scherba/stable v0.0.3 h1:dXhUlYjcg5nDfg2suSbYGXJWVo2tx+d9Yc4dBsjIdek=
github.com/kirill-scherba/stable v0.0.3/go.mod h1:Le2T16xIQmb9c9xzDVSqf7bWvpzo1pbDQLeD0s7qxZU=
github.com/kirill-scherba/stable v0.0.4 h1:xaSKTYmheAW7tA4X/T/ITNH198eRtcYvD0X2M9f1BVM=
github.com/kirill-scherba/stable v0.0.4/go.mod h1:Le2T16xIQmb9c9xzDVSqf7bWvpzo1pbDQLeD0s7qxZU=
github.com/nu7hatch/gouuid v0.0.0-20131221200532-179d4d0c4d8d h1:VhgPp6v9qf9Agr/56bj7Y/xa04UccTW04VP0Qed4vnQ=
github.com/nu7hatch/gouuid v0.0.0-20131221200532-179d4d0c4d8d/go.mod h1:YUTz3bUH2ZwIWBy3CJBeOBEugqcmXREj14T+iG/4k4U=
golang.org/x/sys v0.0.0-20210615035016-665e8c7367d1/go.mod h1:oPkhp1MJrh7nUepCBck5+mAzfO9JrbApNNgaTdGDITg=
golang.org/x/sys v0.0.0-20220209214540-3681064d5158 h1:rm+CHSpPEEW2IsXUib1ThaHIjuBVZjxNgSKmBLFfD4c=
golang.org/x/sys v0.0.0-20220209214540-3681064d5158/go.mod h1:oPkhp1MJrh7nUepCBck5+mAzfO9JrbApNNgaTdGDITg=
golang.org/x/term v0.0.0-20210927222741-03fcf44c2211 h1:JGgROgKl9N8DuW20oFS5gxc+lE67/N3FcwmBPMe7ArY=
golang.org/x/term v0.0.0-20210927222741-03fcf44c2211/go.mod h1:jbD1KX2456YbFQfuXm/mYQcufACuNUgVhRMnK/tPxf8=
